// !$*UTF8*$!
{
	archiveVersion = 1;
	classes = {
	};
	objectVersion = 46;
	objects = {

/* Begin PBXBuildFile section */
		014A15D915321A5B000348D8 /* MenuExtra.png in Resources */ = {isa = PBXBuildFile; fileRef = 014A15D815321A5B000348D8 /* MenuExtra.png */; };
		014A15DB15321C37000348D8 /* MenuExtra-alt.png in Resources */ = {isa = PBXBuildFile; fileRef = 014A15DA15321C37000348D8 /* MenuExtra-alt.png */; };
		014A15E4153269F2000348D8 /* Preferences.xib in Resources */ = {isa = PBXBuildFile; fileRef = 014A15E3153269F1000348D8 /* Preferences.xib */; };
		014A15E715326BC0000348D8 /* AppController.m in Sources */ = {isa = PBXBuildFile; fileRef = 014A15E615326BC0000348D8 /* AppController.m */; };
		014A15EA15326DA4000348D8 /* PrefController.m in Sources */ = {isa = PBXBuildFile; fileRef = 014A15E915326DA4000348D8 /* PrefController.m */; };
		014A15EC1533A603000348D8 /* Defaults.plist in Resources */ = {isa = PBXBuildFile; fileRef = 014A15EB1533A603000348D8 /* Defaults.plist */; };
		014A15FE1534DE24000348D8 /* MenuExtra-glow.png in Resources */ = {isa = PBXBuildFile; fileRef = 014A15FD1534DE23000348D8 /* MenuExtra-glow.png */; };
		017216D4152F874F00B265E0 /* Cocoa.framework in Frameworks */ = {isa = PBXBuildFile; fileRef = 017216D3152F874F00B265E0 /* Cocoa.framework */; };
		017216DE152F874F00B265E0 /* InfoPlist.strings in Resources */ = {isa = PBXBuildFile; fileRef = 017216DC152F874F00B265E0 /* InfoPlist.strings */; };
		017216E0152F874F00B265E0 /* main.m in Sources */ = {isa = PBXBuildFile; fileRef = 017216DF152F874F00B265E0 /* main.m */; };
		017216E4152F874F00B265E0 /* Credits.rtf in Resources */ = {isa = PBXBuildFile; fileRef = 017216E2152F874F00B265E0 /* Credits.rtf */; };
		017216E7152F874F00B265E0 /* AppDelegate.m in Sources */ = {isa = PBXBuildFile; fileRef = 017216E6152F874F00B265E0 /* AppDelegate.m */; };
		017216EA152F875000B265E0 /* MainMenu.xib in Resources */ = {isa = PBXBuildFile; fileRef = 017216E8152F875000B265E0 /* MainMenu.xib */; };
		01721709152F877C00B265E0 /* fullScreenWindow.m in Sources */ = {isa = PBXBuildFile; fileRef = 01721708152F877C00B265E0 /* fullScreenWindow.m */; };
		0172170C152F890C00B265E0 /* DoodleView.m in Sources */ = {isa = PBXBuildFile; fileRef = 0172170B152F890C00B265E0 /* DoodleView.m */; };
		0172170E152F98AA00B265E0 /* Carbon.framework in Frameworks */ = {isa = PBXBuildFile; fileRef = 0172170D152F98AA00B265E0 /* Carbon.framework */; };
		01721711152FAC6900B265E0 /* DDHotKeyCenter.m in Sources */ = {isa = PBXBuildFile; fileRef = 01721710152FAC6900B265E0 /* DDHotKeyCenter.m */; };
/* End PBXBuildFile section */

/* Begin PBXFileReference section */
		014A1564152FEF58000348D8 /* screenDoodle-Info.plist */ = {isa = PBXFileReference; fileEncoding = 4; lastKnownFileType = text.plist.xml; path = "screenDoodle-Info.plist"; sourceTree = "<group>"; };
		014A15D815321A5B000348D8 /* MenuExtra.png */ = {isa = PBXFileReference; lastKnownFileType = image.png; path = MenuExtra.png; sourceTree = "<group>"; };
		014A15DA15321C37000348D8 /* MenuExtra-alt.png */ = {isa = PBXFileReference; lastKnownFileType = image.png; path = "MenuExtra-alt.png"; sourceTree = "<group>"; };
		014A15E3153269F1000348D8 /* Preferences.xib */ = {isa = PBXFileReference; fileEncoding = 4; lastKnownFileType = file.xib; path = Preferences.xib; sourceTree = "<group>"; };
		014A15E515326BC0000348D8 /* AppController.h */ = {isa = PBXFileReference; fileEncoding = 4; lastKnownFileType = sourcecode.c.h; path = AppController.h; sourceTree = "<group>"; };
		014A15E615326BC0000348D8 /* AppController.m */ = {isa = PBXFileReference; fileEncoding = 4; lastKnownFileType = sourcecode.c.objc; path = AppController.m; sourceTree = "<group>"; };
		014A15E815326DA4000348D8 /* PrefController.h */ = {isa = PBXFileReference; fileEncoding = 4; lastKnownFileType = sourcecode.c.h; path = PrefController.h; sourceTree = "<group>"; };
		014A15E915326DA4000348D8 /* PrefController.m */ = {isa = PBXFileReference; fileEncoding = 4; lastKnownFileType = sourcecode.c.objc; path = PrefController.m; sourceTree = "<group>"; };
		014A15EB1533A603000348D8 /* Defaults.plist */ = {isa = PBXFileReference; fileEncoding = 4; lastKnownFileType = text.plist.xml; path = Defaults.plist; sourceTree = "<group>"; };
		014A15FD1534DE23000348D8 /* MenuExtra-glow.png */ = {isa = PBXFileReference; lastKnownFileType = image.png; path = "MenuExtra-glow.png"; sourceTree = "<group>"; };
		017216CF152F874F00B265E0 /* screenDoodle.app */ = {isa = PBXFileReference; explicitFileType = wrapper.application; includeInIndex = 0; path = screenDoodle.app; sourceTree = BUILT_PRODUCTS_DIR; };
		017216D3152F874F00B265E0 /* Cocoa.framework */ = {isa = PBXFileReference; lastKnownFileType = wrapper.framework; name = Cocoa.framework; path = System/Library/Frameworks/Cocoa.framework; sourceTree = SDKROOT; };
		017216D6152F874F00B265E0 /* AppKit.framework */ = {isa = PBXFileReference; lastKnownFileType = wrapper.framework; name = AppKit.framework; path = System/Library/Frameworks/AppKit.framework; sourceTree = SDKROOT; };
		017216D7152F874F00B265E0 /* CoreData.framework */ = {isa = PBXFileReference; lastKnownFileType = wrapper.framework; name = CoreData.framework; path = System/Library/Frameworks/CoreData.framework; sourceTree = SDKROOT; };
		017216D8152F874F00B265E0 /* Foundation.framework */ = {isa = PBXFileReference; lastKnownFileType = wrapper.framework; name = Foundation.framework; path = System/Library/Frameworks/Foundation.framework; sourceTree = SDKROOT; };
		017216DD152F874F00B265E0 /* en */ = {isa = PBXFileReference; lastKnownFileType = text.plist.strings; name = en; path = en.lproj/InfoPlist.strings; sourceTree = "<group>"; };
		017216DF152F874F00B265E0 /* main.m */ = {isa = PBXFileReference; lastKnownFileType = sourcecode.c.objc; path = main.m; sourceTree = "<group>"; };
		017216E1152F874F00B265E0 /* screenDoodle-Prefix.pch */ = {isa = PBXFileReference; lastKnownFileType = sourcecode.c.h; path = "screenDoodle-Prefix.pch"; sourceTree = "<group>"; };
		017216E3152F874F00B265E0 /* en */ = {isa = PBXFileReference; lastKnownFileType = text.rtf; name = en; path = en.lproj/Credits.rtf; sourceTree = "<group>"; };
		017216E5152F874F00B265E0 /* AppDelegate.h */ = {isa = PBXFileReference; lastKnownFileType = sourcecode.c.h; path = AppDelegate.h; sourceTree = "<group>"; };
		017216E6152F874F00B265E0 /* AppDelegate.m */ = {isa = PBXFileReference; lastKnownFileType = sourcecode.c.objc; path = AppDelegate.m; sourceTree = "<group>"; };
		017216E9152F875000B265E0 /* en */ = {isa = PBXFileReference; lastKnownFileType = file.xib; name = en; path = en.lproj/MainMenu.xib; sourceTree = "<group>"; };
		017216F1152F875000B265E0 /* SenTestingKit.framework */ = {isa = PBXFileReference; lastKnownFileType = wrapper.framework; name = SenTestingKit.framework; path = Library/Frameworks/SenTestingKit.framework; sourceTree = DEVELOPER_DIR; };
		01721707152F877C00B265E0 /* fullScreenWindow.h */ = {isa = PBXFileReference; fileEncoding = 4; lastKnownFileType = sourcecode.c.h; path = fullScreenWindow.h; sourceTree = "<group>"; };
		01721708152F877C00B265E0 /* fullScreenWindow.m */ = {isa = PBXFileReference; fileEncoding = 4; lastKnownFileType = sourcecode.c.objc; path = fullScreenWindow.m; sourceTree = "<group>"; };
		0172170A152F890C00B265E0 /* DoodleView.h */ = {isa = PBXFileReference; fileEncoding = 4; lastKnownFileType = sourcecode.c.h; path = DoodleView.h; sourceTree = "<group>"; };
		0172170B152F890C00B265E0 /* DoodleView.m */ = {isa = PBXFileReference; fileEncoding = 4; lastKnownFileType = sourcecode.c.objc; path = DoodleView.m; sourceTree = "<group>"; };
		0172170D152F98AA00B265E0 /* Carbon.framework */ = {isa = PBXFileReference; lastKnownFileType = wrapper.framework; name = Carbon.framework; path = System/Library/Frameworks/Carbon.framework; sourceTree = SDKROOT; };
		0172170F152FAC6900B265E0 /* DDHotKeyCenter.h */ = {isa = PBXFileReference; fileEncoding = 4; lastKnownFileType = sourcecode.c.h; path = DDHotKeyCenter.h; sourceTree = "<group>"; };
		01721710152FAC6900B265E0 /* DDHotKeyCenter.m */ = {isa = PBXFileReference; fileEncoding = 4; lastKnownFileType = sourcecode.c.objc; path = DDHotKeyCenter.m; sourceTree = "<group>"; };
/* End PBXFileReference section */

/* Begin PBXFrameworksBuildPhase section */
		017216CC152F874F00B265E0 /* Frameworks */ = {
			isa = PBXFrameworksBuildPhase;
			buildActionMask = 2147483647;
			files = (
				0172170E152F98AA00B265E0 /* Carbon.framework in Frameworks */,
				017216D4152F874F00B265E0 /* Cocoa.framework in Frameworks */,
			);
			runOnlyForDeploymentPostprocessing = 0;
		};
/* End PBXFrameworksBuildPhase section */

/* Begin PBXGroup section */
		017216C4152F874F00B265E0 = {
			isa = PBXGroup;
			children = (
				017216D9152F874F00B265E0 /* screenDoodle */,
				017216D2152F874F00B265E0 /* Frameworks */,
				017216D0152F874F00B265E0 /* Products */,
			);
			sourceTree = "<group>";
		};
		017216D0152F874F00B265E0 /* Products */ = {
			isa = PBXGroup;
			children = (
				017216CF152F874F00B265E0 /* screenDoodle.app */,
			);
			name = Products;
			sourceTree = "<group>";
		};
		017216D2152F874F00B265E0 /* Frameworks */ = {
			isa = PBXGroup;
			children = (
				0172170D152F98AA00B265E0 /* Carbon.framework */,
				017216D3152F874F00B265E0 /* Cocoa.framework */,
				017216F1152F875000B265E0 /* SenTestingKit.framework */,
				017216D5152F874F00B265E0 /* Other Frameworks */,
			);
			name = Frameworks;
			sourceTree = "<group>";
		};
		017216D5152F874F00B265E0 /* Other Frameworks */ = {
			isa = PBXGroup;
			children = (
				017216D6152F874F00B265E0 /* AppKit.framework */,
				017216D7152F874F00B265E0 /* CoreData.framework */,
				017216D8152F874F00B265E0 /* Foundation.framework */,
			);
			name = "Other Frameworks";
			sourceTree = "<group>";
		};
		017216D9152F874F00B265E0 /* screenDoodle */ = {
			isa = PBXGroup;
			children = (
				014A15FD1534DE23000348D8 /* MenuExtra-glow.png */,
				014A15DA15321C37000348D8 /* MenuExtra-alt.png */,
				014A15D815321A5B000348D8 /* MenuExtra.png */,
				0172170F152FAC6900B265E0 /* DDHotKeyCenter.h */,
				01721710152FAC6900B265E0 /* DDHotKeyCenter.m */,
				017216E5152F874F00B265E0 /* AppDelegate.h */,
				017216E6152F874F00B265E0 /* AppDelegate.m */,
				014A15EB1533A603000348D8 /* Defaults.plist */,
				014A15E515326BC0000348D8 /* AppController.h */,
				014A15E615326BC0000348D8 /* AppController.m */,
				017216E8152F875000B265E0 /* MainMenu.xib */,
				014A15E3153269F1000348D8 /* Preferences.xib */,
				014A15E815326DA4000348D8 /* PrefController.h */,
				014A15E915326DA4000348D8 /* PrefController.m */,
				01721707152F877C00B265E0 /* fullScreenWindow.h */,
				01721708152F877C00B265E0 /* fullScreenWindow.m */,
				0172170A152F890C00B265E0 /* DoodleView.h */,
				0172170B152F890C00B265E0 /* DoodleView.m */,
				017216DA152F874F00B265E0 /* Supporting Files */,
			);
			path = screenDoodle;
			sourceTree = "<group>";
		};
		017216DA152F874F00B265E0 /* Supporting Files */ = {
			isa = PBXGroup;
			children = (
				014A1564152FEF58000348D8 /* screenDoodle-Info.plist */,
				017216DC152F874F00B265E0 /* InfoPlist.strings */,
				017216DF152F874F00B265E0 /* main.m */,
				017216E1152F874F00B265E0 /* screenDoodle-Prefix.pch */,
				017216E2152F874F00B265E0 /* Credits.rtf */,
			);
			name = "Supporting Files";
			sourceTree = "<group>";
		};
/* End PBXGroup section */

/* Begin PBXNativeTarget section */
		017216CE152F874F00B265E0 /* screenDoodle */ = {
			isa = PBXNativeTarget;
			buildConfigurationList = 01721701152F875000B265E0 /* Build configuration list for PBXNativeTarget "screenDoodle" */;
			buildPhases = (
				017216CB152F874F00B265E0 /* Sources */,
				017216CC152F874F00B265E0 /* Frameworks */,
				017216CD152F874F00B265E0 /* Resources */,
			);
			buildRules = (
			);
			dependencies = (
			);
			name = screenDoodle;
			productName = screenDoodle;
			productReference = 017216CF152F874F00B265E0 /* screenDoodle.app */;
			productType = "com.apple.product-type.application";
		};
/* End PBXNativeTarget section */

/* Begin PBXProject section */
		017216C6152F874F00B265E0 /* Project object */ = {
			isa = PBXProject;
			attributes = {
				LastUpgradeCheck = 0430;
				ORGANIZATIONNAME = "Princeton High School";
			};
			buildConfigurationList = 017216C9152F874F00B265E0 /* Build configuration list for PBXProject "screenDoodle" */;
			compatibilityVersion = "Xcode 3.2";
			developmentRegion = English;
			hasScannedForEncodings = 0;
			knownRegions = (
				en,
			);
			mainGroup = 017216C4152F874F00B265E0;
			productRefGroup = 017216D0152F874F00B265E0 /* Products */;
			projectDirPath = "";
			projectRoot = "";
			targets = (
				017216CE152F874F00B265E0 /* screenDoodle */,
			);
		};
/* End PBXProject section */

/* Begin PBXResourcesBuildPhase section */
		017216CD152F874F00B265E0 /* Resources */ = {
			isa = PBXResourcesBuildPhase;
			buildActionMask = 2147483647;
			files = (
				017216DE152F874F00B265E0 /* InfoPlist.strings in Resources */,
				017216E4152F874F00B265E0 /* Credits.rtf in Resources */,
				017216EA152F875000B265E0 /* MainMenu.xib in Resources */,
				014A15D915321A5B000348D8 /* MenuExtra.png in Resources */,
				014A15DB15321C37000348D8 /* MenuExtra-alt.png in Resources */,
				014A15E4153269F2000348D8 /* Preferences.xib in Resources */,
				014A15EC1533A603000348D8 /* Defaults.plist in Resources */,
				014A15FE1534DE24000348D8 /* MenuExtra-glow.png in Resources */,
			);
			runOnlyForDeploymentPostprocessing = 0;
		};
/* End PBXResourcesBuildPhase section */

/* Begin PBXSourcesBuildPhase section */
		017216CB152F874F00B265E0 /* Sources */ = {
			isa = PBXSourcesBuildPhase;
			buildActionMask = 2147483647;
			files = (
				017216E0152F874F00B265E0 /* main.m in Sources */,
				017216E7152F874F00B265E0 /* AppDelegate.m in Sources */,
				01721709152F877C00B265E0 /* fullScreenWindow.m in Sources */,
				0172170C152F890C00B265E0 /* DoodleView.m in Sources */,
				01721711152FAC6900B265E0 /* DDHotKeyCenter.m in Sources */,
				014A15E715326BC0000348D8 /* AppController.m in Sources */,
				014A15EA15326DA4000348D8 /* PrefController.m in Sources */,
			);
			runOnlyForDeploymentPostprocessing = 0;
		};
/* End PBXSourcesBuildPhase section */

/* Begin PBXVariantGroup section */
		017216DC152F874F00B265E0 /* InfoPlist.strings */ = {
			isa = PBXVariantGroup;
			children = (
				017216DD152F874F00B265E0 /* en */,
			);
			name = InfoPlist.strings;
			sourceTree = "<group>";
		};
		017216E2152F874F00B265E0 /* Credits.rtf */ = {
			isa = PBXVariantGroup;
			children = (
				017216E3152F874F00B265E0 /* en */,
			);
			name = Credits.rtf;
			sourceTree = "<group>";
		};
		017216E8152F875000B265E0 /* MainMenu.xib */ = {
			isa = PBXVariantGroup;
			children = (
				017216E9152F875000B265E0 /* en */,
			);
			name = MainMenu.xib;
			sourceTree = "<group>";
		};
/* End PBXVariantGroup section */

/* Begin XCBuildConfiguration section */
		017216FF152F875000B265E0 /* Debug */ = {
			isa = XCBuildConfiguration;
			buildSettings = {
				ALWAYS_SEARCH_USER_PATHS = NO;
				ARCHS = "$(ARCHS_STANDARD_64_BIT)";
				CLANG_ENABLE_OBJC_ARC = YES;
				COPY_PHASE_STRIP = NO;
				GCC_C_LANGUAGE_STANDARD = gnu99;
				GCC_DYNAMIC_NO_PIC = NO;
				GCC_ENABLE_OBJC_EXCEPTIONS = YES;
				GCC_OPTIMIZATION_LEVEL = 0;
				GCC_PREPROCESSOR_DEFINITIONS = (
					"DEBUG=1",
					"$(inherited)",
				);
				GCC_SYMBOLS_PRIVATE_EXTERN = NO;
				GCC_VERSION = com.apple.compilers.llvm.clang.1_0;
				GCC_WARN_64_TO_32_BIT_CONVERSION = YES;
				GCC_WARN_ABOUT_RETURN_TYPE = YES;
				GCC_WARN_UNINITIALIZED_AUTOS = YES;
				GCC_WARN_UNUSED_VARIABLE = YES;
				MACOSX_DEPLOYMENT_TARGET = 10.7;
				ONLY_ACTIVE_ARCH = YES;
				SDKROOT = macosx;
			};
			name = Debug;
		};
		01721700152F875000B265E0 /* Release */ = {
			isa = XCBuildConfiguration;
			buildSettings = {
				ALWAYS_SEARCH_USER_PATHS = NO;
				ARCHS = "$(ARCHS_STANDARD_64_BIT)";
				CLANG_ENABLE_OBJC_ARC = YES;
				COPY_PHASE_STRIP = YES;
				DEBUG_INFORMATION_FORMAT = "dwarf-with-dsym";
				GCC_C_LANGUAGE_STANDARD = gnu99;
				GCC_ENABLE_OBJC_EXCEPTIONS = YES;
				GCC_VERSION = com.apple.compilers.llvm.clang.1_0;
				GCC_WARN_64_TO_32_BIT_CONVERSION = YES;
				GCC_WARN_ABOUT_RETURN_TYPE = YES;
				GCC_WARN_UNINITIALIZED_AUTOS = YES;
				GCC_WARN_UNUSED_VARIABLE = YES;
				MACOSX_DEPLOYMENT_TARGET = 10.7;
				SDKROOT = macosx;
			};
			name = Release;
		};
		01721702152F875000B265E0 /* Debug */ = {
			isa = XCBuildConfiguration;
			buildSettings = {
				CLANG_ENABLE_OBJC_ARC = NO;
				GCC_PRECOMPILE_PREFIX_HEADER = YES;
				GCC_PREFIX_HEADER = "screenDoodle/screenDoodle-Prefix.pch";
				INFOPLIST_FILE = "screenDoodle/screenDoodle-Info.plist";
				MACOSX_DEPLOYMENT_TARGET = 10.4;
				PRODUCT_NAME = "$(TARGET_NAME)";
				WRAPPER_EXTENSION = app;
			};
			name = Debug;
		};
		01721703152F875000B265E0 /* Release */ = {
			isa = XCBuildConfiguration;
			buildSettings = {
				CLANG_ENABLE_OBJC_ARC = NO;
				GCC_PRECOMPILE_PREFIX_HEADER = YES;
				GCC_PREFIX_HEADER = "screenDoodle/screenDoodle-Prefix.pch";
				INFOPLIST_FILE = "screenDoodle/screenDoodle-Info.plist";
				MACOSX_DEPLOYMENT_TARGET = 10.4;
				PRODUCT_NAME = "$(TARGET_NAME)";
				WRAPPER_EXTENSION = app;
			};
			name = Release;
		};
/* End XCBuildConfiguration section */

/* Begin XCConfigurationList section */
		017216C9152F874F00B265E0 /* Build configuration list for PBXProject "screenDoodle" */ = {
			isa = XCConfigurationList;
			buildConfigurations = (
				017216FF152F875000B265E0 /* Debug */,
				01721700152F875000B265E0 /* Release */,
			);
			defaultConfigurationIsVisible = 0;
			defaultConfigurationName = Release;
		};
		01721701152F875000B265E0 /* Build configuration list for PBXNativeTarget "screenDoodle" */ = {
			isa = XCConfigurationList;
			buildConfigurations = (
				01721702152F875000B265E0 /* Debug */,
				01721703152F875000B265E0 /* Release */,
			);
			defaultConfigurationIsVisible = 0;
			defaultConfigurationName = Release;
		};
/* End XCConfigurationList section */
	};
	rootObject = 017216C6152F874F00B265E0 /* Project object */;
}
